
Microsoft Visual Studio Solution File, Format Version 12.00
# Visual Studio 15
VisualStudioVersion = 15.0.27703.2042
MinimumVisualStudioVersion = 10.0.40219.1
Project("{FAE04EC0-301F-11D3-BF4B-00C04F79EFBC}") = "LocationFinder.API", "LocationFinder.API\LocationFinder.API.csproj", "{1EDBFE10-98CB-4960-8AF9-108A35D2C6CE}"
EndProject
Project("{FAE04EC0-301F-11D3-BF4B-00C04F79EFBC}") = "LocationFinder.DAL", "LocationFinder.DAL\LocationFinder.DAL.csproj", "{DFB5A6CA-1F1A-4BAA-9E13-DBEBD0E54DB8}"
EndProject
Global
	GlobalSection(SolutionConfigurationPlatforms) = preSolution
		Debug|Any CPU = Debug|Any CPU
		Release|Any CPU = Release|Any CPU
	EndGlobalSection
	GlobalSection(ProjectConfigurationPlatforms) = postSolution
		{1EDBFE10-98CB-4960-8AF9-108A35D2C6CE}.Debug|Any CPU.ActiveCfg = Debug|Any CPU
		{1EDBFE10-98CB-4960-8AF9-108A35D2C6CE}.Debug|Any CPU.Build.0 = Debug|Any CPU
		{1EDBFE10-98CB-4960-8AF9-108A35D2C6CE}.Release|Any CPU.ActiveCfg = Release|Any CPU
		{1EDBFE10-98CB-4960-8AF9-108A35D2C6CE}.Release|Any CPU.Build.0 = Release|Any CPU
		{DFB5A6CA-1F1A-4BAA-9E13-DBEBD0E54DB8}.Debug|Any CPU.ActiveCfg = Debug|Any CPU
		{DFB5A6CA-1F1A-4BAA-9E13-DBEBD0E54DB8}.Debug|Any CPU.Build.0 = Debug|Any CPU
		{DFB5A6CA-1F1A-4BAA-9E13-DBEBD0E54DB8}.Release|Any CPU.ActiveCfg = Release|Any CPU
		{DFB5A6CA-1F1A-4BAA-9E13-DBEBD0E54DB8}.Release|Any CPU.Build.0 = Release|Any CPU
	EndGlobalSection
	GlobalSection(SolutionProperties) = preSolution
		HideSolutionNode = FALSE
	EndGlobalSection
	GlobalSection(ExtensibilityGlobals) = postSolution
		SolutionGuid = {541687D5-5DED-48D8-A582-075DBE40802D}
	EndGlobalSection
EndGlobal
